
Microsoft Visual Studio Solution File, Format Version 12.00
# Visual Studio Version 17
VisualStudioVersion = 17.0.31903.59
MinimumVisualStudioVersion = 10.0.40219.1
Project("{2150E333-8FDC-42A3-9474-1A3956D46DE8}") = "src", "src", "{827E0CD3-B72D-47B6-A68D-7590B98EB39B}"
EndProject
Project("{FAE04EC0-301F-11D3-BF4B-00C04F79EFBC}") = "ServiceDefaults", "src\ServiceDefaults\ServiceDefaults.csproj", "{DC131EC2-92CB-4F64-935E-543030B43EF9}"
EndProject
Project("{FAE04EC0-301F-11D3-BF4B-00C04F79EFBC}") = "AppHost", "src\AppHost\AppHost.csproj", "{64D7CA6B-B157-4F63-801E-4619609BA2F5}"
EndProject
Project("{FAE04EC0-301F-11D3-BF4B-00C04F79EFBC}") = "Ocpp.Gateway", "src\Ocpp.Gateway\Ocpp.Gateway.csproj", "{D9598CB4-A7C8-446D-9955-522FBE9033C9}"
EndProject
Project("{FAE04EC0-301F-11D3-BF4B-00C04F79EFBC}") = "DeviceManagement.API", "src\DeviceManagement.API\DeviceManagement.API.csproj", "{FAC943C8-7795-47FE-B48E-E3D2473F8B0A}"
EndProject
Project("{FAE04EC0-301F-11D3-BF4B-00C04F79EFBC}") = "SessionManagement.API", "src\SessionManagement.API\SessionManagement.API.csproj", "{FD6EF2D4-2158-4448-BCD6-A67292356865}"
EndProject
Project("{FAE04EC0-301F-11D3-BF4B-00C04F79EFBC}") = "SmartCharging.API", "src\SmartCharging.API\SmartCharging.API.csproj", "{D9776E4B-61F5-44E8-B5D6-6D07F47D420E}"
EndProject
Project("{FAE04EC0-301F-11D3-BF4B-00C04F79EFBC}") = "Billing.API", "src\Billing.API\Billing.API.csproj", "{179C0A86-E354-4CD3-BA8C-CA9E60E2E842}"
EndProject
Project("{FAE04EC0-301F-11D3-BF4B-00C04F79EFBC}") = "Identity.API", "src\Identity.API\Identity.API.csproj", "{22797294-6B79-47DB-96D3-71CDF7E17FA7}"
EndProject
Project("{FAE04EC0-301F-11D3-BF4B-00C04F79EFBC}") = "ApiGateway", "src\ApiGateway\ApiGateway.csproj", "{D1D7742F-EF42-4A43-A7D4-4469EB22B089}"
EndProject
Global
	GlobalSection(SolutionConfigurationPlatforms) = preSolution
		Debug|Any CPU = Debug|Any CPU
		Debug|x64 = Debug|x64
		Debug|x86 = Debug|x86
		Release|Any CPU = Release|Any CPU
		Release|x64 = Release|x64
		Release|x86 = Release|x86
	EndGlobalSection
	GlobalSection(ProjectConfigurationPlatforms) = postSolution
		{DC131EC2-92CB-4F64-935E-543030B43EF9}.Debug|Any CPU.ActiveCfg = Debug|Any CPU
		{DC131EC2-92CB-4F64-935E-543030B43EF9}.Debug|Any CPU.Build.0 = Debug|Any CPU
		{DC131EC2-92CB-4F64-935E-543030B43EF9}.Debug|x64.ActiveCfg = Debug|Any CPU
		{DC131EC2-92CB-4F64-935E-543030B43EF9}.Debug|x64.Build.0 = Debug|Any CPU
		{DC131EC2-92CB-4F64-935E-543030B43EF9}.Debug|x86.ActiveCfg = Debug|Any CPU
		{DC131EC2-92CB-4F64-935E-543030B43EF9}.Debug|x86.Build.0 = Debug|Any CPU
		{DC131EC2-92CB-4F64-935E-543030B43EF9}.Release|Any CPU.ActiveCfg = Release|Any CPU
		{DC131EC2-92CB-4F64-935E-543030B43EF9}.Release|Any CPU.Build.0 = Release|Any CPU
		{DC131EC2-92CB-4F64-935E-543030B43EF9}.Release|x64.ActiveCfg = Release|Any CPU
		{DC131EC2-92CB-4F64-935E-543030B43EF9}.Release|x64.Build.0 = Release|Any CPU
		{DC131EC2-92CB-4F64-935E-543030B43EF9}.Release|x86.ActiveCfg = Release|Any CPU
		{DC131EC2-92CB-4F64-935E-543030B43EF9}.Release|x86.Build.0 = Release|Any CPU
		{64D7CA6B-B157-4F63-801E-4619609BA2F5}.Debug|Any CPU.ActiveCfg = Debug|Any CPU
		{64D7CA6B-B157-4F63-801E-4619609BA2F5}.Debug|Any CPU.Build.0 = Debug|Any CPU
		{64D7CA6B-B157-4F63-801E-4619609BA2F5}.Debug|x64.ActiveCfg = Debug|Any CPU
		{64D7CA6B-B157-4F63-801E-4619609BA2F5}.Debug|x64.Build.0 = Debug|Any CPU
		{64D7CA6B-B157-4F63-801E-4619609BA2F5}.Debug|x86.ActiveCfg = Debug|Any CPU
		{64D7CA6B-B157-4F63-801E-4619609BA2F5}.Debug|x86.Build.0 = Debug|Any CPU
		{64D7CA6B-B157-4F63-801E-4619609BA2F5}.Release|Any CPU.ActiveCfg = Release|Any CPU
		{64D7CA6B-B157-4F63-801E-4619609BA2F5}.Release|Any CPU.Build.0 = Release|Any CPU
		{64D7CA6B-B157-4F63-801E-4619609BA2F5}.Release|x64.ActiveCfg = Release|Any CPU
		{64D7CA6B-B157-4F63-801E-4619609BA2F5}.Release|x64.Build.0 = Release|Any CPU
		{64D7CA6B-B157-4F63-801E-4619609BA2F5}.Release|x86.ActiveCfg = Release|Any CPU
		{64D7CA6B-B157-4F63-801E-4619609BA2F5}.Release|x86.Build.0 = Release|Any CPU
		{D9598CB4-A7C8-446D-9955-522FBE9033C9}.Debug|Any CPU.ActiveCfg = Debug|Any CPU
		{D9598CB4-A7C8-446D-9955-522FBE9033C9}.Debug|Any CPU.Build.0 = Debug|Any CPU
		{D9598CB4-A7C8-446D-9955-522FBE9033C9}.Debug|x64.ActiveCfg = Debug|Any CPU
		{D9598CB4-A7C8-446D-9955-522FBE9033C9}.Debug|x64.Build.0 = Debug|Any CPU
		{D9598CB4-A7C8-446D-9955-522FBE9033C9}.Debug|x86.ActiveCfg = Debug|Any CPU
		{D9598CB4-A7C8-446D-9955-522FBE9033C9}.Debug|x86.Build.0 = Debug|Any CPU
		{D9598CB4-A7C8-446D-9955-522FBE9033C9}.Release|Any CPU.ActiveCfg = Release|Any CPU
		{D9598CB4-A7C8-446D-9955-522FBE9033C9}.Release|Any CPU.Build.0 = Release|Any CPU
		{D9598CB4-A7C8-446D-9955-522FBE9033C9}.Release|x64.ActiveCfg = Release|Any CPU
		{D9598CB4-A7C8-446D-9955-522FBE9033C9}.Release|x64.Build.0 = Release|Any CPU
		{D9598CB4-A7C8-446D-9955-522FBE9033C9}.Release|x86.ActiveCfg = Release|Any CPU
		{D9598CB4-A7C8-446D-9955-522FBE9033C9}.Release|x86.Build.0 = Release|Any CPU
		{FAC943C8-7795-47FE-B48E-E3D2473F8B0A}.Debug|Any CPU.ActiveCfg = Debug|Any CPU
		{FAC943C8-7795-47FE-B48E-E3D2473F8B0A}.Debug|Any CPU.Build.0 = Debug|Any CPU
		{FAC943C8-7795-47FE-B48E-E3D2473F8B0A}.Debug|x64.ActiveCfg = Debug|Any CPU
		{FAC943C8-7795-47FE-B48E-E3D2473F8B0A}.Debug|x64.Build.0 = Debug|Any CPU
		{FAC943C8-7795-47FE-B48E-E3D2473F8B0A}.Debug|x86.ActiveCfg = Debug|Any CPU
		{FAC943C8-7795-47FE-B48E-E3D2473F8B0A}.Debug|x86.Build.0 = Debug|Any CPU
		{FAC943C8-7795-47FE-B48E-E3D2473F8B0A}.Release|Any CPU.ActiveCfg = Release|Any CPU
		{FAC943C8-7795-47FE-B48E-E3D2473F8B0A}.Release|Any CPU.Build.0 = Release|Any CPU
		{FAC943C8-7795-47FE-B48E-E3D2473F8B0A}.Release|x64.ActiveCfg = Release|Any CPU
		{FAC943C8-7795-47FE-B48E-E3D2473F8B0A}.Release|x64.Build.0 = Release|Any CPU
		{FAC943C8-7795-47FE-B48E-E3D2473F8B0A}.Release|x86.ActiveCfg = Release|Any CPU
		{FAC943C8-7795-47FE-B48E-E3D2473F8B0A}.Release|x86.Build.0 = Release|Any CPU
		{FD6EF2D4-2158-4448-BCD6-A67292356865}.Debug|Any CPU.ActiveCfg = Debug|Any CPU
		{FD6EF2D4-2158-4448-BCD6-A67292356865}.Debug|Any CPU.Build.0 = Debug|Any CPU
		{FD6EF2D4-2158-4448-BCD6-A67292356865}.Debug|x64.ActiveCfg = Debug|Any CPU
		{FD6EF2D4-2158-4448-BCD6-A67292356865}.Debug|x64.Build.0 = Debug|Any CPU
		{FD6EF2D4-2158-4448-BCD6-A67292356865}.Debug|x86.ActiveCfg = Debug|Any CPU
		{FD6EF2D4-2158-4448-BCD6-A67292356865}.Debug|x86.Build.0 = Debug|Any CPU
		{FD6EF2D4-2158-4448-BCD6-A67292356865}.Release|Any CPU.ActiveCfg = Release|Any CPU
		{FD6EF2D4-2158-4448-BCD6-A67292356865}.Release|Any CPU.Build.0 = Release|Any CPU
		{FD6EF2D4-2158-4448-BCD6-A67292356865}.Release|x64.ActiveCfg = Release|Any CPU
		{FD6EF2D4-2158-4448-BCD6-A67292356865}.Release|x64.Build.0 = Release|Any CPU
		{FD6EF2D4-2158-4448-BCD6-A67292356865}.Release|x86.ActiveCfg = Release|Any CPU
		{FD6EF2D4-2158-4448-BCD6-A67292356865}.Release|x86.Build.0 = Release|Any CPU
		{D9776E4B-61F5-44E8-B5D6-6D07F47D420E}.Debug|Any CPU.ActiveCfg = Debug|Any CPU
		{D9776E4B-61F5-44E8-B5D6-6D07F47D420E}.Debug|Any CPU.Build.0 = Debug|Any CPU
		{D9776E4B-61F5-44E8-B5D6-6D07F47D420E}.Debug|x64.ActiveCfg = Debug|Any CPU
		{D9776E4B-61F5-44E8-B5D6-6D07F47D420E}.Debug|x64.Build.0 = Debug|Any CPU
		{D9776E4B-61F5-44E8-B5D6-6D07F47D420E}.Debug|x86.ActiveCfg = Debug|Any CPU
		{D9776E4B-61F5-44E8-B5D6-6D07F47D420E}.Debug|x86.Build.0 = Debug|Any CPU
		{D9776E4B-61F5-44E8-B5D6-6D07F47D420E}.Release|Any CPU.ActiveCfg = Release|Any CPU
		{D9776E4B-61F5-44E8-B5D6-6D07F47D420E}.Release|Any CPU.Build.0 = Release|Any CPU
		{D9776E4B-61F5-44E8-B5D6-6D07F47D420E}.Release|x64.ActiveCfg = Release|Any CPU
		{D9776E4B-61F5-44E8-B5D6-6D07F47D420E}.Release|x64.Build.0 = Release|Any CPU
		{D9776E4B-61F5-44E8-B5D6-6D07F47D420E}.Release|x86.ActiveCfg = Release|Any CPU
		{D9776E4B-61F5-44E8-B5D6-6D07F47D420E}.Release|x86.Build.0 = Release|Any CPU
		{179C0A86-E354-4CD3-BA8C-CA9E60E2E842}.Debug|Any CPU.ActiveCfg = Debug|Any CPU
		{179C0A86-E354-4CD3-BA8C-CA9E60E2E842}.Debug|Any CPU.Build.0 = Debug|Any CPU
		{179C0A86-E354-4CD3-BA8C-CA9E60E2E842}.Debug|x64.ActiveCfg = Debug|Any CPU
		{179C0A86-E354-4CD3-BA8C-CA9E60E2E842}.Debug|x64.Build.0 = Debug|Any CPU
		{179C0A86-E354-4CD3-BA8C-CA9E60E2E842}.Debug|x86.ActiveCfg = Debug|Any CPU
		{179C0A86-E354-4CD3-BA8C-CA9E60E2E842}.Debug|x86.Build.0 = Debug|Any CPU
		{179C0A86-E354-4CD3-BA8C-CA9E60E2E842}.Release|Any CPU.ActiveCfg = Release|Any CPU
		{179C0A86-E354-4CD3-BA8C-CA9E60E2E842}.Release|Any CPU.Build.0 = Release|Any CPU
		{179C0A86-E354-4CD3-BA8C-CA9E60E2E842}.Release|x64.ActiveCfg = Release|Any CPU
		{179C0A86-E354-4CD3-BA8C-CA9E60E2E842}.Release|x64.Build.0 = Release|Any CPU
		{179C0A86-E354-4CD3-BA8C-CA9E60E2E842}.Release|x86.ActiveCfg = Release|Any CPU
		{179C0A86-E354-4CD3-BA8C-CA9E60E2E842}.Release|x86.Build.0 = Release|Any CPU
		{22797294-6B79-47DB-96D3-71CDF7E17FA7}.Debug|Any CPU.ActiveCfg = Debug|Any CPU
		{22797294-6B79-47DB-96D3-71CDF7E17FA7}.Debug|Any CPU.Build.0 = Debug|Any CPU
		{22797294-6B79-47DB-96D3-71CDF7E17FA7}.Debug|x64.ActiveCfg = Debug|Any CPU
		{22797294-6B79-47DB-96D3-71CDF7E17FA7}.Debug|x64.Build.0 = Debug|Any CPU
		{22797294-6B79-47DB-96D3-71CDF7E17FA7}.Debug|x86.ActiveCfg = Debug|Any CPU
		{22797294-6B79-47DB-96D3-71CDF7E17FA7}.Debug|x86.Build.0 = Debug|Any CPU
		{22797294-6B79-47DB-96D3-71CDF7E17FA7}.Release|Any CPU.ActiveCfg = Release|Any CPU
		{22797294-6B79-47DB-96D3-71CDF7E17FA7}.Release|Any CPU.Build.0 = Release|Any CPU
		{22797294-6B79-47DB-96D3-71CDF7E17FA7}.Release|x64.ActiveCfg = Release|Any CPU
		{22797294-6B79-47DB-96D3-71CDF7E17FA7}.Release|x64.Build.0 = Release|Any CPU
		{22797294-6B79-47DB-96D3-71CDF7E17FA7}.Release|x86.ActiveCfg = Release|Any CPU
		{22797294-6B79-47DB-96D3-71CDF7E17FA7}.Release|x86.Build.0 = Release|Any CPU
		{D1D7742F-EF42-4A43-A7D4-4469EB22B089}.Debug|Any CPU.ActiveCfg = Debug|Any CPU
		{D1D7742F-EF42-4A43-A7D4-4469EB22B089}.Debug|Any CPU.Build.0 = Debug|Any CPU
		{D1D7742F-EF42-4A43-A7D4-4469EB22B089}.Debug|x64.ActiveCfg = Debug|Any CPU
		{D1D7742F-EF42-4A43-A7D4-4469EB22B089}.Debug|x64.Build.0 = Debug|Any CPU
		{D1D7742F-EF42-4A43-A7D4-4469EB22B089}.Debug|x86.ActiveCfg = Debug|Any CPU
		{D1D7742F-EF42-4A43-A7D4-4469EB22B089}.Debug|x86.Build.0 = Debug|Any CPU
		{D1D7742F-EF42-4A43-A7D4-4469EB22B089}.Release|Any CPU.ActiveCfg = Release|Any CPU
		{D1D7742F-EF42-4A43-A7D4-4469EB22B089}.Release|Any CPU.Build.0 = Release|Any CPU
		{D1D7742F-EF42-4A43-A7D4-4469EB22B089}.Release|x64.ActiveCfg = Release|Any CPU
		{D1D7742F-EF42-4A43-A7D4-4469EB22B089}.Release|x64.Build.0 = Release|Any CPU
		{D1D7742F-EF42-4A43-A7D4-4469EB22B089}.Release|x86.ActiveCfg = Release|Any CPU
		{D1D7742F-EF42-4A43-A7D4-4469EB22B089}.Release|x86.Build.0 = Release|Any CPU
	EndGlobalSection
	GlobalSection(SolutionProperties) = preSolution
		HideSolutionNode = FALSE
	EndGlobalSection
	GlobalSection(NestedProjects) = preSolution
		{DC131EC2-92CB-4F64-935E-543030B43EF9} = {827E0CD3-B72D-47B6-A68D-7590B98EB39B}
		{64D7CA6B-B157-4F63-801E-4619609BA2F5} = {827E0CD3-B72D-47B6-A68D-7590B98EB39B}
		{D9598CB4-A7C8-446D-9955-522FBE9033C9} = {827E0CD3-B72D-47B6-A68D-7590B98EB39B}
		{FAC943C8-7795-47FE-B48E-E3D2473F8B0A} = {827E0CD3-B72D-47B6-A68D-7590B98EB39B}
		{FD6EF2D4-2158-4448-BCD6-A67292356865} = {827E0CD3-B72D-47B6-A68D-7590B98EB39B}
		{D9776E4B-61F5-44E8-B5D6-6D07F47D420E} = {827E0CD3-B72D-47B6-A68D-7590B98EB39B}
		{179C0A86-E354-4CD3-BA8C-CA9E60E2E842} = {827E0CD3-B72D-47B6-A68D-7590B98EB39B}
		{22797294-6B79-47DB-96D3-71CDF7E17FA7} = {827E0CD3-B72D-47B6-A68D-7590B98EB39B}
		{D1D7742F-EF42-4A43-A7D4-4469EB22B089} = {827E0CD3-B72D-47B6-A68D-7590B98EB39B}
	EndGlobalSection
EndGlobal
